urls_downloaded_cb({"token":"gst.miniobject.prototype.lock","urls":[{"url":"gstreamer/gstminiobject.html#GstMiniObjectFlags","node_type":"p","page":"GstMiniObject","sections":["Enumerations"],"context":{"gi-language":["javascript"]}},{"url":"gstreamer/gstminiobject.html#gst_mini_object_lock","node_type":"symbol","page":"GstMiniObject","sections":["Methods"],"context":{"gi-language":["javascript"]}}]});